// !$*UTF8*$!
{
	archiveVersion = 1;
	classes = {
	};
	objectVersion = 56;
	objects = {

/* Begin PBXBuildFile section */
		7D2A6C2C2B40A3EA00FE10AB /* EntryView.swift in Sources */ = {isa = PBXBuildFile; fileRef = 7D2A6C2B2B40A3EA00FE10AB /* EntryView.swift */; };
		7D2A6C2E2B40A3F200FE10AB /* RunView.swift in Sources */ = {isa = PBXBuildFile; fileRef = 7D2A6C2D2B40A3F200FE10AB /* RunView.swift */; };
		7D54905D2E5B9831000C5BF4 /* Entry.swift in Sources */ = {isa = PBXBuildFile; fileRef = 7DBD29682B409B8700B8A65F /* Entry.swift */; };
		7D54905E2E5B9831000C5BF4 /* RunView.swift in Sources */ = {isa = PBXBuildFile; fileRef = 7D2A6C2D2B40A3F200FE10AB /* RunView.swift */; };
		7D54905F2E5B9831000C5BF4 /* ContentView.swift in Sources */ = {isa = PBXBuildFile; fileRef = 7DBD295C2B40971000B8A65F /* ContentView.swift */; };
		7D5490602E5B9831000C5BF4 /* EphemeralToDoApp.swift in Sources */ = {isa = PBXBuildFile; fileRef = 7DBD295A2B40971000B8A65F /* EphemeralToDoApp.swift */; };
		7D5490612E5B9831000C5BF4 /* EntryView.swift in Sources */ = {isa = PBXBuildFile; fileRef = 7D2A6C2B2B40A3EA00FE10AB /* EntryView.swift */; };
		7D5490642E5B9831000C5BF4 /* coin.wav in Resources */ = {isa = PBXBuildFile; fileRef = 7D6F07692DA2FDFE00508457 /* coin.wav */; };
		7D5490652E5B9831000C5BF4 /* Preview Assets.xcassets in Resources */ = {isa = PBXBuildFile; fileRef = 7DBD29612B40971100B8A65F /* Preview Assets.xcassets */; };
		7D5490662E5B9831000C5BF4 /* Assets.xcassets in Resources */ = {isa = PBXBuildFile; fileRef = 7DBD295E2B40971100B8A65F /* Assets.xcassets */; };
		7D6F076A2DA2FDFE00508457 /* coin.wav in Resources */ = {isa = PBXBuildFile; fileRef = 7D6F07692DA2FDFE00508457 /* coin.wav */; };
		7DBD295B2B40971000B8A65F /* EphemeralToDoApp.swift in Sources */ = {isa = PBXBuildFile; fileRef = 7DBD295A2B40971000B8A65F /* EphemeralToDoApp.swift */; };
		7DBD295D2B40971000B8A65F /* ContentView.swift in Sources */ = {isa = PBXBuildFile; fileRef = 7DBD295C2B40971000B8A65F /* ContentView.swift */; };
		7DBD295F2B40971100B8A65F /* Assets.xcassets in Resources */ = {isa = PBXBuildFile; fileRef = 7DBD295E2B40971100B8A65F /* Assets.xcassets */; };
		7DBD29622B40971100B8A65F /* Preview Assets.xcassets in Resources */ = {isa = PBXBuildFile; fileRef = 7DBD29612B40971100B8A65F /* Preview Assets.xcassets */; };
		7DBD29692B409B8700B8A65F /* Entry.swift in Sources */ = {isa = PBXBuildFile; fileRef = 7DBD29682B409B8700B8A65F /* Entry.swift */; };
/* End PBXBuildFile section */

/* Begin PBXFileReference section */
		7D2A6C2B2B40A3EA00FE10AB /* EntryView.swift */ = {isa = PBXFileReference; lastKnownFileType = sourcecode.swift; path = EntryView.swift; sourceTree = "<group>"; };
		7D2A6C2D2B40A3F200FE10AB /* RunView.swift */ = {isa = PBXFileReference; lastKnownFileType = sourcecode.swift; path = RunView.swift; sourceTree = "<group>"; };
		7D54906A2E5B9831000C5BF4 /* AppIdeas.app */ = {isa = PBXFileReference; explicitFileType = wrapper.application; includeInIndex = 0; path = AppIdeas.app; sourceTree = BUILT_PRODUCTS_DIR; };
		7D6F07692DA2FDFE00508457 /* coin.wav */ = {isa = PBXFileReference; lastKnownFileType = audio.wav; path = coin.wav; sourceTree = "<group>"; };
		7DBD29572B40971000B8A65F /* EphemeralToDo.app */ = {isa = PBXFileReference; explicitFileType = wrapper.application; includeInIndex = 0; path = EphemeralToDo.app; sourceTree = BUILT_PRODUCTS_DIR; };
		7DBD295A2B40971000B8A65F /* EphemeralToDoApp.swift */ = {isa = PBXFileReference; lastKnownFileType = sourcecode.swift; path = EphemeralToDoApp.swift; sourceTree = "<group>"; };
		7DBD295C2B40971000B8A65F /* ContentView.swift */ = {isa = PBXFileReference; lastKnownFileType = sourcecode.swift; path = ContentView.swift; sourceTree = "<group>"; };
		7DBD295E2B40971100B8A65F /* Assets.xcassets */ = {isa = PBXFileReference; lastKnownFileType = folder.assetcatalog; path = Assets.xcassets; sourceTree = "<group>"; };
		7DBD29612B40971100B8A65F /* Preview Assets.xcassets */ = {isa = PBXFileReference; lastKnownFileType = folder.assetcatalog; path = "Preview Assets.xcassets"; sourceTree = "<group>"; };
		7DBD29682B409B8700B8A65F /* Entry.swift */ = {isa = PBXFileReference; lastKnownFileType = sourcecode.swift; path = Entry.swift; sourceTree = "<group>"; };
/* End PBXFileReference section */

/* Begin PBXFrameworksBuildPhase section */
		7D5490622E5B9831000C5BF4 /* Frameworks */ = {
			isa = PBXFrameworksBuildPhase;
			buildActionMask = 2147483647;
			files = (
			);
			runOnlyForDeploymentPostprocessing = 0;
		};
		7DBD29542B40971000B8A65F /* Frameworks */ = {
			isa = PBXFrameworksBuildPhase;
			buildActionMask = 2147483647;
			files = (
			);
			runOnlyForDeploymentPostprocessing = 0;
		};
/* End PBXFrameworksBuildPhase section */

/* Begin PBXGroup section */
		7DBD294E2B40971000B8A65F = {
			isa = PBXGroup;
			children = (
				7DBD29592B40971000B8A65F /* EphemeralToDo */,
				7DBD29582B40971000B8A65F /* Products */,
			);
			sourceTree = "<group>";
		};
		7DBD29582B40971000B8A65F /* Products */ = {
			isa = PBXGroup;
			children = (
				7DBD29572B40971000B8A65F /* EphemeralToDo.app */,
				7D54906A2E5B9831000C5BF4 /* AppIdeas.app */,
			);
			name = Products;
			sourceTree = "<group>";
		};
		7DBD29592B40971000B8A65F /* EphemeralToDo */ = {
			isa = PBXGroup;
			children = (
				7D6F07692DA2FDFE00508457 /* coin.wav */,
				7DBD295A2B40971000B8A65F /* EphemeralToDoApp.swift */,
				7DBD295C2B40971000B8A65F /* ContentView.swift */,
				7DBD295E2B40971100B8A65F /* Assets.xcassets */,
				7DBD29602B40971100B8A65F /* Preview Content */,
				7DBD29682B409B8700B8A65F /* Entry.swift */,
				7D2A6C2B2B40A3EA00FE10AB /* EntryView.swift */,
				7D2A6C2D2B40A3F200FE10AB /* RunView.swift */,
			);
			path = EphemeralToDo;
			sourceTree = "<group>";
		};
		7DBD29602B40971100B8A65F /* Preview Content */ = {
			isa = PBXGroup;
			children = (
				7DBD29612B40971100B8A65F /* Preview Assets.xcassets */,
			);
			path = "Preview Content";
			sourceTree = "<group>";
		};
/* End PBXGroup section */

/* Begin PBXNativeTarget section */
		7D54905B2E5B9831000C5BF4 /* AppIdeas */ = {
			isa = PBXNativeTarget;
			buildConfigurationList = 7D5490672E5B9831000C5BF4 /* Build configuration list for PBXNativeTarget "AppIdeas" */;
			buildPhases = (
				7D54905C2E5B9831000C5BF4 /* Sources */,
				7D5490622E5B9831000C5BF4 /* Frameworks */,
				7D5490632E5B9831000C5BF4 /* Resources */,
			);
			buildRules = (
			);
			dependencies = (
			);
			name = AppIdeas;
			productName = EphemeralToDo;
			productReference = 7D54906A2E5B9831000C5BF4 /* AppIdeas.app */;
			productType = "com.apple.product-type.application";
		};
		7DBD29562B40971000B8A65F /* EphemeralToDo */ = {
			isa = PBXNativeTarget;
			buildConfigurationList = 7DBD29652B40971100B8A65F /* Build configuration list for PBXNativeTarget "EphemeralToDo" */;
			buildPhases = (
				7DBD29532B40971000B8A65F /* Sources */,
				7DBD29542B40971000B8A65F /* Frameworks */,
				7DBD29552B40971000B8A65F /* Resources */,
			);
			buildRules = (
			);
			dependencies = (
			);
			name = EphemeralToDo;
			productName = EphemeralToDo;
			productReference = 7DBD29572B40971000B8A65F /* EphemeralToDo.app */;
			productType = "com.apple.product-type.application";
		};
/* End PBXNativeTarget section */

/* Begin PBXProject section */
		7DBD294F2B40971000B8A65F /* Project object */ = {
			isa = PBXProject;
			attributes = {
				BuildIndependentTargetsInParallel = 1;
				LastSwiftUpdateCheck = 1500;
				LastUpgradeCheck = 1500;
				TargetAttributes = {
					7DBD29562B40971000B8A65F = {
						CreatedOnToolsVersion = 15.0.1;
					};
				};
			};
			buildConfigurationList = 7DBD29522B40971000B8A65F /* Build configuration list for PBXProject "EphemeralToDo" */;
			compatibilityVersion = "Xcode 14.0";
			developmentRegion = en;
			hasScannedForEncodings = 0;
			knownRegions = (
				en,
				Base,
			);
			mainGroup = 7DBD294E2B40971000B8A65F;
			productRefGroup = 7DBD29582B40971000B8A65F /* Products */;
			projectDirPath = "";
			projectRoot = "";
			targets = (
				7DBD29562B40971000B8A65F /* EphemeralToDo */,
				7D54905B2E5B9831000C5BF4 /* AppIdeas */,
			);
		};
/* End PBXProject section */

/* Begin PBXResourcesBuildPhase section */
		7D5490632E5B9831000C5BF4 /* Resources */ = {
			isa = PBXResourcesBuildPhase;
			buildActionMask = 2147483647;
			files = (
				7D5490642E5B9831000C5BF4 /* coin.wav in Resources */,
				7D5490652E5B9831000C5BF4 /* Preview Assets.xcassets in Resources */,
				7D5490662E5B9831000C5BF4 /* Assets.xcassets in Resources */,
			);
			runOnlyForDeploymentPostprocessing = 0;
		};
		7DBD29552B40971000B8A65F /* Resources */ = {
			isa = PBXResourcesBuildPhase;
			buildActionMask = 2147483647;
			files = (
				7D6F076A2DA2FDFE00508457 /* coin.wav in Resources */,
				7DBD29622B40971100B8A65F /* Preview Assets.xcassets in Resources */,
				7DBD295F2B40971100B8A65F /* Assets.xcassets in Resources */,
			);
			runOnlyForDeploymentPostprocessing = 0;
		};
/* End PBXResourcesBuildPhase section */

/* Begin PBXSourcesBuildPhase section */
		7D54905C2E5B9831000C5BF4 /* Sources */ = {
			isa = PBXSourcesBuildPhase;
			buildActionMask = 2147483647;
			files = (
				7D54905D2E5B9831000C5BF4 /* Entry.swift in Sources */,
				7D54905E2E5B9831000C5BF4 /* RunView.swift in Sources */,
				7D54905F2E5B9831000C5BF4 /* ContentView.swift in Sources */,
				7D5490602E5B9831000C5BF4 /* EphemeralToDoApp.swift in Sources */,
				7D5490612E5B9831000C5BF4 /* EntryView.swift in Sources */,
			);
			runOnlyForDeploymentPostprocessing = 0;
		};
		7DBD29532B40971000B8A65F /* Sources */ = {
			isa = PBXSourcesBuildPhase;
			buildActionMask = 2147483647;
			files = (
				7DBD29692B409B8700B8A65F /* Entry.swift in Sources */,
				7D2A6C2E2B40A3F200FE10AB /* RunView.swift in Sources */,
				7DBD295D2B40971000B8A65F /* ContentView.swift in Sources */,
				7DBD295B2B40971000B8A65F /* EphemeralToDoApp.swift in Sources */,
				7D2A6C2C2B40A3EA00FE10AB /* EntryView.swift in Sources */,
			);
			runOnlyForDeploymentPostprocessing = 0;
		};
/* End PBXSourcesBuildPhase section */

/* Begin XCBuildConfiguration section */
		7D5490682E5B9831000C5BF4 /* Debug */ = {
			isa = XCBuildConfiguration;
			buildSettings = {
				ASSETCATALOG_COMPILER_APPICON_NAME = AppIcon;
				ASSETCATALOG_COMPILER_GLOBAL_ACCENT_COLOR_NAME = AccentColor;
				CODE_SIGN_STYLE = Automatic;
				CURRENT_PROJECT_VERSION = 1;
				DEVELOPMENT_ASSET_PATHS = "\"EphemeralToDo/Preview Content\"";
				DEVELOPMENT_TEAM = 2HBB3G8HCG;
				ENABLE_PREVIEWS = YES;
				GENERATE_INFOPLIST_FILE = YES;
				INFOPLIST_KEY_CFBundleDisplayName = "App Ideas";
				INFOPLIST_KEY_UIApplicationSceneManifest_Generation = YES;
				INFOPLIST_KEY_UIApplicationSupportsIndirectInputEvents = YES;
				INFOPLIST_KEY_UILaunchScreen_Generation = YES;
				INFOPLIST_KEY_UISupportedInterfaceOrientations_iPad = "UIInterfaceOrientationPortrait UIInterfaceOrientationPortraitUpsideDown UIInterfaceOrientationLandscapeLeft UIInterfaceOrientationLandscapeRight";
				INFOPLIST_KEY_UISupportedInterfaceOrientations_iPhone = "UIInterfaceOrientationPortrait UIInterfaceOrientationLandscapeLeft UIInterfaceOrientationLandscapeRight";
				LD_RUNPATH_SEARCH_PATHS = (
					"$(inherited)",
					"@executable_path/Frameworks",
				);
				MARKETING_VERSION = 1.0;
				PRODUCT_BUNDLE_IDENTIFIER = com.borkware.AppIdeas;
				PRODUCT_NAME = "$(TARGET_NAME)";
				SWIFT_EMIT_LOC_STRINGS = YES;
				SWIFT_VERSION = 5.0;
				TARGETED_DEVICE_FAMILY = "1,2";
			};
			name = Debug;
		};
		7D5490692E5B9831000C5BF4 /* Release */ = {
			isa = XCBuildConfiguration;
			buildSettings = {
				ASSETCATALOG_COMPILER_APPICON_NAME = AppIcon;
				ASSETCATALOG_COMPILER_GLOBAL_ACCENT_COLOR_NAME = AccentColor;
				CODE_SIGN_STYLE = Automatic;
				CURRENT_PROJECT_VERSION = 1;
				DEVELOPMENT_ASSET_PATHS = "\"EphemeralToDo/Preview Content\"";
				DEVELOPMENT_TEAM = 2HBB3G8HCG;
				ENABLE_PREVIEWS = YES;
				GENERATE_INFOPLIST_FILE = YES;
				INFOPLIST_KEY_CFBundleDisplayName = "App Ideas";
				INFOPLIST_KEY_UIApplicationSceneManifest_Generation = YES;
				INFOPLIST_KEY_UIApplicationSupportsIndirectInputEvents = YES;
				INFOPLIST_KEY_UILaunchScreen_Generation = YES;
				INFOPLIST_KEY_UISupportedInterfaceOrientations_iPad = "UIInterfaceOrientationPortrait UIInterfaceOrientationPortraitUpsideDown UIInterfaceOrientationLandscapeLeft UIInterfaceOrientationLandscapeRight";
				INFOPLIST_KEY_UISupportedInterfaceOrientations_iPhone = "UIInterfaceOrientationPortrait UIInterfaceOrientationLandscapeLeft UIInterfaceOrientationLandscapeRight";
				LD_RUNPATH_SEARCH_PATHS = (
					"$(inherited)",
					"@executable_path/Frameworks",
				);
				MARKETING_VERSION = 1.0;
				PRODUCT_BUNDLE_IDENTIFIER = com.borkware.AppIdeas;
				PRODUCT_NAME = "$(TARGET_NAME)";
				SWIFT_EMIT_LOC_STRINGS = YES;
				SWIFT_VERSION = 5.0;
				TARGETED_DEVICE_FAMILY = "1,2";
			};
			name = Release;
		};
		7DBD29632B40971100B8A65F /* Debug */ = {
			isa = XCBuildConfiguration;
			buildSettings = {
				ALWAYS_SEARCH_USER_PATHS = NO;
				ASSETCATALOG_COMPILER_GENERATE_SWIFT_ASSET_SYMBOL_EXTENSIONS = YES;
				CLANG_ANALYZER_NONNULL = YES;
				CLANG_ANALYZER_NUMBER_OBJECT_CONVERSION = YES_AGGRESSIVE;
				CLANG_CXX_LANGUAGE_STANDARD = "gnu++20";
				CLANG_ENABLE_MODULES = YES;
				CLANG_ENABLE_OBJC_ARC = YES;
				CLANG_ENABLE_OBJC_WEAK = YES;
				CLANG_WARN_BLOCK_CAPTURE_AUTORELEASING = YES;
				CLANG_WARN_BOOL_CONVERSION = YES;
				CLANG_WARN_COMMA = YES;
				CLANG_WARN_CONSTANT_CONVERSION = YES;
				CLANG_WARN_DEPRECATED_OBJC_IMPLEMENTATIONS = YES;
				CLANG_WARN_DIRECT_OBJC_ISA_USAGE = YES_ERROR;
				CLANG_WARN_DOCUMENTATION_COMMENTS = YES;
				CLANG_WARN_EMPTY_BODY = YES;
				CLANG_WARN_ENUM_CONVERSION = YES;
				CLANG_WARN_INFINITE_RECURSION = YES;
				CLANG_WARN_INT_CONVERSION = YES;
				CLANG_WARN_NON_LITERAL_NULL_CONVERSION = YES;
				CLANG_WARN_OBJC_IMPLICIT_RETAIN_SELF = YES;
				CLANG_WARN_OBJC_LITERAL_CONVERSION = YES;
				CLANG_WARN_OBJC_ROOT_CLASS = YES_ERROR;
				CLANG_WARN_QUOTED_INCLUDE_IN_FRAMEWORK_HEADER = YES;
				CLANG_WARN_RANGE_LOOP_ANALYSIS = YES;
				CLANG_WARN_STRICT_PROTOTYPES = YES;
				CLANG_WARN_SUSPICIOUS_MOVE = YES;
				CLANG_WARN_UNGUARDED_AVAILABILITY = YES_AGGRESSIVE;
				CLANG_WARN_UNREACHABLE_CODE = YES;
				CLANG_WARN__DUPLICATE_METHOD_MATCH = YES;
				COPY_PHASE_STRIP = NO;
				DEBUG_INFORMATION_FORMAT = dwarf;
				ENABLE_STRICT_OBJC_MSGSEND = YES;
				ENABLE_TESTABILITY = YES;
				ENABLE_USER_SCRIPT_SANDBOXING = YES;
				GCC_C_LANGUAGE_STANDARD = gnu17;
				GCC_DYNAMIC_NO_PIC = NO;
				GCC_NO_COMMON_BLOCKS = YES;
				GCC_OPTIMIZATION_LEVEL = 0;
				GCC_PREPROCESSOR_DEFINITIONS = (
					"DEBUG=1",
					"$(inherited)",
				);
				GCC_WARN_64_TO_32_BIT_CONVERSION = YES;
				GCC_WARN_ABOUT_RETURN_TYPE = YES_ERROR;
				GCC_WARN_UNDECLARED_SELECTOR = YES;
				GCC_WARN_UNINITIALIZED_AUTOS = YES_AGGRESSIVE;
				GCC_WARN_UNUSED_FUNCTION = YES;
				GCC_WARN_UNUSED_VARIABLE = YES;
				IPHONEOS_DEPLOYMENT_TARGET = 17.0;
				LOCALIZATION_PREFERS_STRING_CATALOGS = YES;
				MTL_ENABLE_DEBUG_INFO = INCLUDE_SOURCE;
				MTL_FAST_MATH = YES;
				ONLY_ACTIVE_ARCH = YES;
				SDKROOT = iphoneos;
				SWIFT_ACTIVE_COMPILATION_CONDITIONS = "DEBUG $(inherited)";
				SWIFT_OPTIMIZATION_LEVEL = "-Onone";
			};
			name = Debug;
		};
		7DBD29642B40971100B8A65F /* Release */ = {
			isa = XCBuildConfiguration;
			buildSettings = {
				ALWAYS_SEARCH_USER_PATHS = NO;
				ASSETCATALOG_COMPILER_GENERATE_SWIFT_ASSET_SYMBOL_EXTENSIONS = YES;
				CLANG_ANALYZER_NONNULL = YES;
				CLANG_ANALYZER_NUMBER_OBJECT_CONVERSION = YES_AGGRESSIVE;
				CLANG_CXX_LANGUAGE_STANDARD = "gnu++20";
				CLANG_ENABLE_MODULES = YES;
				CLANG_ENABLE_OBJC_ARC = YES;
				CLANG_ENABLE_OBJC_WEAK = YES;
				CLANG_WARN_BLOCK_CAPTURE_AUTORELEASING = YES;
				CLANG_WARN_BOOL_CONVERSION = YES;
				CLANG_WARN_COMMA = YES;
				CLANG_WARN_CONSTANT_CONVERSION = YES;
				CLANG_WARN_DEPRECATED_OBJC_IMPLEMENTATIONS = YES;
				CLANG_WARN_DIRECT_OBJC_ISA_USAGE = YES_ERROR;
				CLANG_WARN_DOCUMENTATION_COMMENTS = YES;
				CLANG_WARN_EMPTY_BODY = YES;
				CLANG_WARN_ENUM_CONVERSION = YES;
				CLANG_WARN_INFINITE_RECURSION = YES;
				CLANG_WARN_INT_CONVERSION = YES;
				CLANG_WARN_NON_LITERAL_NULL_CONVERSION = YES;
				CLANG_WARN_OBJC_IMPLICIT_RETAIN_SELF = YES;
				CLANG_WARN_OBJC_LITERAL_CONVERSION = YES;
				CLANG_WARN_OBJC_ROOT_CLASS = YES_ERROR;
				CLANG_WARN_QUOTED_INCLUDE_IN_FRAMEWORK_HEADER = YES;
				CLANG_WARN_RANGE_LOOP_ANALYSIS = YES;
				CLANG_WARN_STRICT_PROTOTYPES = YES;
				CLANG_WARN_SUSPICIOUS_MOVE = YES;
				CLANG_WARN_UNGUARDED_AVAILABILITY = YES_AGGRESSIVE;
				CLANG_WARN_UNREACHABLE_CODE = YES;
				CLANG_WARN__DUPLICATE_METHOD_MATCH = YES;
				COPY_PHASE_STRIP = NO;
				DEBUG_INFORMATION_FORMAT = "dwarf-with-dsym";
				ENABLE_NS_ASSERTIONS = NO;
				ENABLE_STRICT_OBJC_MSGSEND = YES;
				ENABLE_USER_SCRIPT_SANDBOXING = YES;
				GCC_C_LANGUAGE_STANDARD = gnu17;
				GCC_NO_COMMON_BLOCKS = YES;
				GCC_WARN_64_TO_32_BIT_CONVERSION = YES;
				GCC_WARN_ABOUT_RETURN_TYPE = YES_ERROR;
				GCC_WARN_UNDECLARED_SELECTOR = YES;
				GCC_WARN_UNINITIALIZED_AUTOS = YES_AGGRESSIVE;
				GCC_WARN_UNUSED_FUNCTION = YES;
				GCC_WARN_UNUSED_VARIABLE = YES;
				IPHONEOS_DEPLOYMENT_TARGET = 17.0;
				LOCALIZATION_PREFERS_STRING_CATALOGS = YES;
				MTL_ENABLE_DEBUG_INFO = NO;
				MTL_FAST_MATH = YES;
				SDKROOT = iphoneos;
				SWIFT_COMPILATION_MODE = wholemodule;
				VALIDATE_PRODUCT = YES;
			};
			name = Release;
		};
		7DBD29662B40971100B8A65F /* Debug */ = {
			isa = XCBuildConfiguration;
			buildSettings = {
				ASSETCATALOG_COMPILER_APPICON_NAME = AppIcon;
				ASSETCATALOG_COMPILER_GLOBAL_ACCENT_COLOR_NAME = AccentColor;
				CODE_SIGN_STYLE = Automatic;
				CURRENT_PROJECT_VERSION = 1;
				DEVELOPMENT_ASSET_PATHS = "\"EphemeralToDo/Preview Content\"";
				DEVELOPMENT_TEAM = 2HBB3G8HCG;
				ENABLE_PREVIEWS = YES;
				GENERATE_INFOPLIST_FILE = YES;
				INFOPLIST_KEY_CFBundleDisplayName = "Ephemeral ToDo";
				INFOPLIST_KEY_UIApplicationSceneManifest_Generation = YES;
				INFOPLIST_KEY_UIApplicationSupportsIndirectInputEvents = YES;
				INFOPLIST_KEY_UILaunchScreen_Generation = YES;
				INFOPLIST_KEY_UISupportedInterfaceOrientations_iPad = "UIInterfaceOrientationPortrait UIInterfaceOrientationPortraitUpsideDown UIInterfaceOrientationLandscapeLeft UIInterfaceOrientationLandscapeRight";
				INFOPLIST_KEY_UISupportedInterfaceOrientations_iPhone = "UIInterfaceOrientationPortrait UIInterfaceOrientationLandscapeLeft UIInterfaceOrientationLandscapeRight";
				LD_RUNPATH_SEARCH_PATHS = (
					"$(inherited)",
					"@executable_path/Frameworks",
				);
				MARKETING_VERSION = 1.0;
				PRODUCT_BUNDLE_IDENTIFIER = com.borkware.EphemeralToDo;
				PRODUCT_NAME = "$(TARGET_NAME)";
				SWIFT_EMIT_LOC_STRINGS = YES;
				SWIFT_VERSION = 5.0;
				TARGETED_DEVICE_FAMILY = "1,2";
			};
			name = Debug;
		};
		7DBD29672B40971100B8A65F /* Release */ = {
			isa = XCBuildConfiguration;
			buildSettings = {
				ASSETCATALOG_COMPILER_APPICON_NAME = AppIcon;
				ASSETCATALOG_COMPILER_GLOBAL_ACCENT_COLOR_NAME = AccentColor;
				CODE_SIGN_STYLE = Automatic;
				CURRENT_PROJECT_VERSION = 1;
				DEVELOPMENT_ASSET_PATHS = "\"EphemeralToDo/Preview Content\"";
				DEVELOPMENT_TEAM = 2HBB3G8HCG;
				ENABLE_PREVIEWS = YES;
				GENERATE_INFOPLIST_FILE = YES;
				INFOPLIST_KEY_CFBundleDisplayName = "Ephemeral ToDo";
				INFOPLIST_KEY_UIApplicationSceneManifest_Generation = YES;
				INFOPLIST_KEY_UIApplicationSupportsIndirectInputEvents = YES;
				INFOPLIST_KEY_UILaunchScreen_Generation = YES;
				INFOPLIST_KEY_UISupportedInterfaceOrientations_iPad = "UIInterfaceOrientationPortrait UIInterfaceOrientationPortraitUpsideDown UIInterfaceOrientationLandscapeLeft UIInterfaceOrientationLandscapeRight";
				INFOPLIST_KEY_UISupportedInterfaceOrientations_iPhone = "UIInterfaceOrientationPortrait UIInterfaceOrientationLandscapeLeft UIInterfaceOrientationLandscapeRight";
				LD_RUNPATH_SEARCH_PATHS = (
					"$(inherited)",
					"@executable_path/Frameworks",
				);
				MARKETING_VERSION = 1.0;
				PRODUCT_BUNDLE_IDENTIFIER = com.borkware.EphemeralToDo;
				PRODUCT_NAME = "$(TARGET_NAME)";
				SWIFT_EMIT_LOC_STRINGS = YES;
				SWIFT_VERSION = 5.0;
				TARGETED_DEVICE_FAMILY = "1,2";
			};
			name = Release;
		};
/* End XCBuildConfiguration section */

/* Begin XCConfigurationList section */
		7D5490672E5B9831000C5BF4 /* Build configuration list for PBXNativeTarget "AppIdeas" */ = {
			isa = XCConfigurationList;
			buildConfigurations = (
				7D5490682E5B9831000C5BF4 /* Debug */,
				7D5490692E5B9831000C5BF4 /* Release */,
			);
			defaultConfigurationIsVisible = 0;
			defaultConfigurationName = Release;
		};
		7DBD29522B40971000B8A65F /* Build configuration list for PBXProject "EphemeralToDo" */ = {
			isa = XCConfigurationList;
			buildConfigurations = (
				7DBD29632B40971100B8A65F /* Debug */,
				7DBD29642B40971100B8A65F /* Release */,
			);
			defaultConfigurationIsVisible = 0;
			defaultConfigurationName = Release;
		};
		7DBD29652B40971100B8A65F /* Build configuration list for PBXNativeTarget "EphemeralToDo" */ = {
			isa = XCConfigurationList;
			buildConfigurations = (
				7DBD29662B40971100B8A65F /* Debug */,
				7DBD29672B40971100B8A65F /* Release */,
			);
			defaultConfigurationIsVisible = 0;
			defaultConfigurationName = Release;
		};
/* End XCConfigurationList section */
	};
	rootObject = 7DBD294F2B40971000B8A65F /* Project object */;
}
